PODS:
  - FBSnapshotTestCase (2.1.4):
    - FBSnapshotTestCase/SwiftSupport (= 2.1.4)
  - FBSnapshotTestCase/Core (2.1.4)
  - FBSnapshotTestCase/SwiftSupport (2.1.4):
    - FBSnapshotTestCase/Core
  - ZNPods (0.1.0)

DEPENDENCIES:
  - FBSnapshotTestCase
  - ZNPods (from `../`)

EXTERNAL SOURCES:
  ZNPods:
    :path: "../"

SPEC CHECKSUMS:
  FBSnapshotTestCase: '094f9f314decbabe373b87cc339bea235a63e07a'
  ZNPods: 4143e8625fb7212fcbb276c65be845ad00c19c3c

PODFILE CHECKSUM: ca88fd70c33f59e8ac15ad16debd45a9f24f2c9f

COCOAPODS: 1.2.1
